
Microsoft Visual Studio Solution File, Format Version 12.00
# Visual Studio 2012
Project("{FAE04EC0-301F-11D3-BF4B-00C04F79EFBC}") = "primerPrograma", "primerPrograma\primerPrograma.csproj", "{C813B8EB-05BB-4A02-8ADB-576F206B9C8B}"
EndProject
Project("{FAE04EC0-301F-11D3-BF4B-00C04F79EFBC}") = "aplicacionUno", "aplicacionUno\aplicacionUno.csproj", "{11B00B48-4B14-4514-AC20-D935BA7A441B}"
EndProject
Global
	GlobalSection(SolutionConfigurationPlatforms) = preSolution
		Debug|Any CPU = Debug|Any CPU
		Release|Any CPU = Release|Any CPU
	EndGlobalSection
	GlobalSection(ProjectConfigurationPlatforms) = postSolution
		{C813B8EB-05BB-4A02-8ADB-576F206B9C8B}.Debug|Any CPU.ActiveCfg = Debug|Any CPU
		{C813B8EB-05BB-4A02-8ADB-576F206B9C8B}.Debug|Any CPU.Build.0 = Debug|Any CPU
		{C813B8EB-05BB-4A02-8ADB-576F206B9C8B}.Release|Any CPU.ActiveCfg = Release|Any CPU
		{C813B8EB-05BB-4A02-8ADB-576F206B9C8B}.Release|Any CPU.Build.0 = Release|Any CPU
		{11B00B48-4B14-4514-AC20-D935BA7A441B}.Debug|Any CPU.ActiveCfg = Debug|Any CPU
		{11B00B48-4B14-4514-AC20-D935BA7A441B}.Debug|Any CPU.Build.0 = Debug|Any CPU
		{11B00B48-4B14-4514-AC20-D935BA7A441B}.Release|Any CPU.ActiveCfg = Release|Any CPU
		{11B00B48-4B14-4514-AC20-D935BA7A441B}.Release|Any CPU.Build.0 = Release|Any CPU
	EndGlobalSection
	GlobalSection(SolutionProperties) = preSolution
		HideSolutionNode = FALSE
	EndGlobalSection
EndGlobal
